// !$*UTF8*$!
{
	archiveVersion = 1;
	classes = {
	};
	objectVersion = 56;
	objects = {

/* Begin PBXBuildFile section */
		F7F422252910111100306A39 /* SpoonacularApp.swift in Sources */ = {isa = PBXBuildFile; fileRef = F7F422242910111100306A39 /* SpoonacularApp.swift */; };
		F7F422272910111100306A39 /* ContentView.swift in Sources */ = {isa = PBXBuildFile; fileRef = F7F422262910111100306A39 /* ContentView.swift */; };
		F7F422292910111300306A39 /* Assets.xcassets in Resources */ = {isa = PBXBuildFile; fileRef = F7F422282910111300306A39 /* Assets.xcassets */; };
		F7F4222C2910111300306A39 /* Preview Assets.xcassets in Resources */ = {isa = PBXBuildFile; fileRef = F7F4222B2910111300306A39 /* Preview Assets.xcassets */; };
		F7F4222E2910111300306A39 /* Persistence.swift in Sources */ = {isa = PBXBuildFile; fileRef = F7F4222D2910111300306A39 /* Persistence.swift */; };
		F7F422312910111300306A39 /* Spoonacular.xcdatamodeld in Sources */ = {isa = PBXBuildFile; fileRef = F7F4222F2910111300306A39 /* Spoonacular.xcdatamodeld */; };
		F7F4223B2910111300306A39 /* SpoonacularTests.swift in Sources */ = {isa = PBXBuildFile; fileRef = F7F4223A2910111300306A39 /* SpoonacularTests.swift */; };
		F7F422452910111300306A39 /* SpoonacularUITests.swift in Sources */ = {isa = PBXBuildFile; fileRef = F7F422442910111300306A39 /* SpoonacularUITests.swift */; };
		F7F422472910111300306A39 /* SpoonacularUITestsLaunchTests.swift in Sources */ = {isa = PBXBuildFile; fileRef = F7F422462910111300306A39 /* SpoonacularUITestsLaunchTests.swift */; };
		F7F422682910146600306A39 /* RecipeListPresenter.swift in Sources */ = {isa = PBXBuildFile; fileRef = F7F422632910146500306A39 /* RecipeListPresenter.swift */; };
		F7F422692910146600306A39 /* RecipeListModel.swift in Sources */ = {isa = PBXBuildFile; fileRef = F7F422642910146500306A39 /* RecipeListModel.swift */; };
		F7F4226A2910146600306A39 /* RecipeListScene.swift in Sources */ = {isa = PBXBuildFile; fileRef = F7F422652910146600306A39 /* RecipeListScene.swift */; };
		F7F4226B2910146600306A39 /* RecipeListRouter.swift in Sources */ = {isa = PBXBuildFile; fileRef = F7F422662910146600306A39 /* RecipeListRouter.swift */; };
		F7F4226C2910146600306A39 /* RecipeListInteractor.swift in Sources */ = {isa = PBXBuildFile; fileRef = F7F422672910146600306A39 /* RecipeListInteractor.swift */; };
		F7F4226F2910148500306A39 /* Ref.swift in Sources */ = {isa = PBXBuildFile; fileRef = F7F4226E2910148500306A39 /* Ref.swift */; };
		F7F42272291019F000306A39 /* Recipe.swift in Sources */ = {isa = PBXBuildFile; fileRef = F7F42271291019F000306A39 /* Recipe.swift */; };
		F7F422762910350700306A39 /* URLSessionExtension.swift in Sources */ = {isa = PBXBuildFile; fileRef = F7F422752910350700306A39 /* URLSessionExtension.swift */; };
		F7F4227D29104E8900306A39 /* RecipeDetailModel.swift in Sources */ = {isa = PBXBuildFile; fileRef = F7F4227829104E8900306A39 /* RecipeDetailModel.swift */; };
		F7F4227E29104E8900306A39 /* RecipeDetailPresenter.swift in Sources */ = {isa = PBXBuildFile; fileRef = F7F4227929104E8900306A39 /* RecipeDetailPresenter.swift */; };
		F7F4227F29104E8900306A39 /* RecipeDetailScene.swift in Sources */ = {isa = PBXBuildFile; fileRef = F7F4227A29104E8900306A39 /* RecipeDetailScene.swift */; };
		F7F4228029104E8900306A39 /* RecipeDetailRouter.swift in Sources */ = {isa = PBXBuildFile; fileRef = F7F4227B29104E8900306A39 /* RecipeDetailRouter.swift */; };
		F7F4228129104E8900306A39 /* RecipeDetailInteractor.swift in Sources */ = {isa = PBXBuildFile; fileRef = F7F4227C29104E8900306A39 /* RecipeDetailInteractor.swift */; };
		F7F4228329105AE200306A39 /* AttributedStringExtension.swift in Sources */ = {isa = PBXBuildFile; fileRef = F7F4228229105AE200306A39 /* AttributedStringExtension.swift */; };
/* End PBXBuildFile section */

/* Begin PBXContainerItemProxy section */
		F7F422372910111300306A39 /* PBXContainerItemProxy */ = {
			isa = PBXContainerItemProxy;
			containerPortal = F7F422192910111100306A39 /* Project object */;
			proxyType = 1;
			remoteGlobalIDString = F7F422202910111100306A39;
			remoteInfo = Spoonacular;
		};
		F7F422412910111300306A39 /* PBXContainerItemProxy */ = {
			isa = PBXContainerItemProxy;
			containerPortal = F7F422192910111100306A39 /* Project object */;
			proxyType = 1;
			remoteGlobalIDString = F7F422202910111100306A39;
			remoteInfo = Spoonacular;
		};
/* End PBXContainerItemProxy section */

/* Begin PBXFileReference section */
		F7F422212910111100306A39 /* Spoonacular.app */ = {isa = PBXFileReference; explicitFileType = wrapper.application; includeInIndex = 0; path = Spoonacular.app; sourceTree = BUILT_PRODUCTS_DIR; };
		F7F422242910111100306A39 /* SpoonacularApp.swift */ = {isa = PBXFileReference; lastKnownFileType = sourcecode.swift; path = SpoonacularApp.swift; sourceTree = "<group>"; };
		F7F422262910111100306A39 /* ContentView.swift */ = {isa = PBXFileReference; lastKnownFileType = sourcecode.swift; path = ContentView.swift; sourceTree = "<group>"; };
		F7F422282910111300306A39 /* Assets.xcassets */ = {isa = PBXFileReference; lastKnownFileType = folder.assetcatalog; path = Assets.xcassets; sourceTree = "<group>"; };
		F7F4222B2910111300306A39 /* Preview Assets.xcassets */ = {isa = PBXFileReference; lastKnownFileType = folder.assetcatalog; path = "Preview Assets.xcassets"; sourceTree = "<group>"; };
		F7F4222D2910111300306A39 /* Persistence.swift */ = {isa = PBXFileReference; lastKnownFileType = sourcecode.swift; path = Persistence.swift; sourceTree = "<group>"; };
		F7F422302910111300306A39 /* Spoonacular.xcdatamodel */ = {isa = PBXFileReference; lastKnownFileType = wrapper.xcdatamodel; path = Spoonacular.xcdatamodel; sourceTree = "<group>"; };
		F7F422362910111300306A39 /* SpoonacularTests.xctest */ = {isa = PBXFileReference; explicitFileType = wrapper.cfbundle; includeInIndex = 0; path = SpoonacularTests.xctest; sourceTree = BUILT_PRODUCTS_DIR; };
		F7F4223A2910111300306A39 /* SpoonacularTests.swift */ = {isa = PBXFileReference; lastKnownFileType = sourcecode.swift; path = SpoonacularTests.swift; sourceTree = "<group>"; };
		F7F422402910111300306A39 /* SpoonacularUITests.xctest */ = {isa = PBXFileReference; explicitFileType = wrapper.cfbundle; includeInIndex = 0; path = SpoonacularUITests.xctest; sourceTree = BUILT_PRODUCTS_DIR; };
		F7F422442910111300306A39 /* SpoonacularUITests.swift */ = {isa = PBXFileReference; lastKnownFileType = sourcecode.swift; path = SpoonacularUITests.swift; sourceTree = "<group>"; };
		F7F422462910111300306A39 /* SpoonacularUITestsLaunchTests.swift */ = {isa = PBXFileReference; lastKnownFileType = sourcecode.swift; path = SpoonacularUITestsLaunchTests.swift; sourceTree = "<group>"; };
		F7F422632910146500306A39 /* RecipeListPresenter.swift */ = {isa = PBXFileReference; fileEncoding = 4; lastKnownFileType = sourcecode.swift; path = RecipeListPresenter.swift; sourceTree = "<group>"; };
		F7F422642910146500306A39 /* RecipeListModel.swift */ = {isa = PBXFileReference; fileEncoding = 4; lastKnownFileType = sourcecode.swift; path = RecipeListModel.swift; sourceTree = "<group>"; };
		F7F422652910146600306A39 /* RecipeListScene.swift */ = {isa = PBXFileReference; fileEncoding = 4; lastKnownFileType = sourcecode.swift; path = RecipeListScene.swift; sourceTree = "<group>"; };
		F7F422662910146600306A39 /* RecipeListRouter.swift */ = {isa = PBXFileReference; fileEncoding = 4; lastKnownFileType = sourcecode.swift; path = RecipeListRouter.swift; sourceTree = "<group>"; };
		F7F422672910146600306A39 /* RecipeListInteractor.swift */ = {isa = PBXFileReference; fileEncoding = 4; lastKnownFileType = sourcecode.swift; path = RecipeListInteractor.swift; sourceTree = "<group>"; };
		F7F4226E2910148500306A39 /* Ref.swift */ = {isa = PBXFileReference; fileEncoding = 4; lastKnownFileType = sourcecode.swift; path = Ref.swift; sourceTree = "<group>"; };
		F7F42271291019F000306A39 /* Recipe.swift */ = {isa = PBXFileReference; lastKnownFileType = sourcecode.swift; path = Recipe.swift; sourceTree = "<group>"; };
		F7F422752910350700306A39 /* URLSessionExtension.swift */ = {isa = PBXFileReference; fileEncoding = 4; lastKnownFileType = sourcecode.swift; path = URLSessionExtension.swift; sourceTree = "<group>"; };
		F7F4227829104E8900306A39 /* RecipeDetailModel.swift */ = {isa = PBXFileReference; fileEncoding = 4; lastKnownFileType = sourcecode.swift; path = RecipeDetailModel.swift; sourceTree = "<group>"; };
		F7F4227929104E8900306A39 /* RecipeDetailPresenter.swift */ = {isa = PBXFileReference; fileEncoding = 4; lastKnownFileType = sourcecode.swift; path = RecipeDetailPresenter.swift; sourceTree = "<group>"; };
		F7F4227A29104E8900306A39 /* RecipeDetailScene.swift */ = {isa = PBXFileReference; fileEncoding = 4; lastKnownFileType = sourcecode.swift; path = RecipeDetailScene.swift; sourceTree = "<group>"; };
		F7F4227B29104E8900306A39 /* RecipeDetailRouter.swift */ = {isa = PBXFileReference; fileEncoding = 4; lastKnownFileType = sourcecode.swift; path = RecipeDetailRouter.swift; sourceTree = "<group>"; };
		F7F4227C29104E8900306A39 /* RecipeDetailInteractor.swift */ = {isa = PBXFileReference; fileEncoding = 4; lastKnownFileType = sourcecode.swift; path = RecipeDetailInteractor.swift; sourceTree = "<group>"; };
		F7F4228229105AE200306A39 /* AttributedStringExtension.swift */ = {isa = PBXFileReference; lastKnownFileType = sourcecode.swift; path = AttributedStringExtension.swift; sourceTree = "<group>"; };
/* End PBXFileReference section */

/* Begin PBXFrameworksBuildPhase section */
		F7F4221E2910111100306A39 /* Frameworks */ = {
			isa = PBXFrameworksBuildPhase;
			buildActionMask = 2147483647;
			files = (
			);
			runOnlyForDeploymentPostprocessing = 0;
		};
		F7F422332910111300306A39 /* Frameworks */ = {
			isa = PBXFrameworksBuildPhase;
			buildActionMask = 2147483647;
			files = (
			);
			runOnlyForDeploymentPostprocessing = 0;
		};
		F7F4223D2910111300306A39 /* Frameworks */ = {
			isa = PBXFrameworksBuildPhase;
			buildActionMask = 2147483647;
			files = (
			);
			runOnlyForDeploymentPostprocessing = 0;
		};
/* End PBXFrameworksBuildPhase section */

/* Begin PBXGroup section */
		F7F422182910111100306A39 = {
			isa = PBXGroup;
			children = (
				F7F422232910111100306A39 /* Spoonacular */,
				F7F422392910111300306A39 /* SpoonacularTests */,
				F7F422432910111300306A39 /* SpoonacularUITests */,
				F7F422222910111100306A39 /* Products */,
			);
			sourceTree = "<group>";
		};
		F7F422222910111100306A39 /* Products */ = {
			isa = PBXGroup;
			children = (
				F7F422212910111100306A39 /* Spoonacular.app */,
				F7F422362910111300306A39 /* SpoonacularTests.xctest */,
				F7F422402910111300306A39 /* SpoonacularUITests.xctest */,
			);
			name = Products;
			sourceTree = "<group>";
		};
		F7F422232910111100306A39 /* Spoonacular */ = {
			isa = PBXGroup;
			children = (
				F7F422532910115900306A39 /* Application */,
				F7F42273291034F700306A39 /* Extensions */,
				F7F4226D2910147300306A39 /* Models */,
				F7F422552910127100306A39 /* Modules */,
				F7F422542910117700306A39 /* Resources */,
				F7F422262910111100306A39 /* ContentView.swift */,
				F7F4222D2910111300306A39 /* Persistence.swift */,
				F7F4222F2910111300306A39 /* Spoonacular.xcdatamodeld */,
				F7F4222A2910111300306A39 /* Preview Content */,
			);
			path = Spoonacular;
			sourceTree = "<group>";
		};
		F7F4222A2910111300306A39 /* Preview Content */ = {
			isa = PBXGroup;
			children = (
				F7F4222B2910111300306A39 /* Preview Assets.xcassets */,
			);
			path = "Preview Content";
			sourceTree = "<group>";
		};
		F7F422392910111300306A39 /* SpoonacularTests */ = {
			isa = PBXGroup;
			children = (
				F7F4223A2910111300306A39 /* SpoonacularTests.swift */,
			);
			path = SpoonacularTests;
			sourceTree = "<group>";
		};
		F7F422432910111300306A39 /* SpoonacularUITests */ = {
			isa = PBXGroup;
			children = (
				F7F422442910111300306A39 /* SpoonacularUITests.swift */,
				F7F422462910111300306A39 /* SpoonacularUITestsLaunchTests.swift */,
			);
			path = SpoonacularUITests;
			sourceTree = "<group>";
		};
		F7F422532910115900306A39 /* Application */ = {
			isa = PBXGroup;
			children = (
				F7F422242910111100306A39 /* SpoonacularApp.swift */,
			);
			path = Application;
			sourceTree = "<group>";
		};
		F7F422542910117700306A39 /* Resources */ = {
			isa = PBXGroup;
			children = (
				F7F422282910111300306A39 /* Assets.xcassets */,
			);
			path = Resources;
			sourceTree = "<group>";
		};
		F7F422552910127100306A39 /* Modules */ = {
			isa = PBXGroup;
			children = (
				F7F42256291013E800306A39 /* Recipes */,
			);
			path = Modules;
			sourceTree = "<group>";
		};
		F7F42256291013E800306A39 /* Recipes */ = {
			isa = PBXGroup;
			children = (
				F7F42270291019E600306A39 /* Models */,
				F7F42257291013FF00306A39 /* Scenes */,
			);
			path = Recipes;
			sourceTree = "<group>";
		};
		F7F42257291013FF00306A39 /* Scenes */ = {
			isa = PBXGroup;
			children = (
				F7F4227729104E8900306A39 /* RecipeDetail */,
				F7F422582910140700306A39 /* RecipeList */,
			);
			path = Scenes;
			sourceTree = "<group>";
		};
		F7F422582910140700306A39 /* RecipeList */ = {
			isa = PBXGroup;
			children = (
				F7F422672910146600306A39 /* RecipeListInteractor.swift */,
				F7F422642910146500306A39 /* RecipeListModel.swift */,
				F7F422632910146500306A39 /* RecipeListPresenter.swift */,
				F7F422662910146600306A39 /* RecipeListRouter.swift */,
				F7F422652910146600306A39 /* RecipeListScene.swift */,
			);
			path = RecipeList;
			sourceTree = "<group>";
		};
		F7F4226D2910147300306A39 /* Models */ = {
			isa = PBXGroup;
			children = (
				F7F4226E2910148500306A39 /* Ref.swift */,
			);
			path = Models;
			sourceTree = "<group>";
		};
		F7F42270291019E600306A39 /* Models */ = {
			isa = PBXGroup;
			children = (
				F7F42271291019F000306A39 /* Recipe.swift */,
			);
			path = Models;
			sourceTree = "<group>";
		};
		F7F42273291034F700306A39 /* Extensions */ = {
			isa = PBXGroup;
			children = (
				F7F422742910350100306A39 /* Foundation */,
			);
			path = Extensions;
			sourceTree = "<group>";
		};
		F7F422742910350100306A39 /* Foundation */ = {
			isa = PBXGroup;
			children = (
				F7F422752910350700306A39 /* URLSessionExtension.swift */,
				F7F4228229105AE200306A39 /* AttributedStringExtension.swift */,
			);
			path = Foundation;
			sourceTree = "<group>";
		};
		F7F4227729104E8900306A39 /* RecipeDetail */ = {
			isa = PBXGroup;
			children = (
				F7F4227C29104E8900306A39 /* RecipeDetailInteractor.swift */,
				F7F4227829104E8900306A39 /* RecipeDetailModel.swift */,
				F7F4227929104E8900306A39 /* RecipeDetailPresenter.swift */,
				F7F4227B29104E8900306A39 /* RecipeDetailRouter.swift */,
				F7F4227A29104E8900306A39 /* RecipeDetailScene.swift */,
			);
			path = RecipeDetail;
			sourceTree = "<group>";
		};
/* End PBXGroup section */

/* Begin PBXNativeTarget section */
		F7F422202910111100306A39 /* Spoonacular */ = {
			isa = PBXNativeTarget;
			buildConfigurationList = F7F4224A2910111300306A39 /* Build configuration list for PBXNativeTarget "Spoonacular" */;
			buildPhases = (
				F7F4221D2910111100306A39 /* Sources */,
				F7F4221E2910111100306A39 /* Frameworks */,
				F7F4221F2910111100306A39 /* Resources */,
			);
			buildRules = (
			);
			dependencies = (
			);
			name = Spoonacular;
			productName = Spoonacular;
			productReference = F7F422212910111100306A39 /* Spoonacular.app */;
			productType = "com.apple.product-type.application";
		};
		F7F422352910111300306A39 /* SpoonacularTests */ = {
			isa = PBXNativeTarget;
			buildConfigurationList = F7F4224D2910111300306A39 /* Build configuration list for PBXNativeTarget "SpoonacularTests" */;
			buildPhases = (
				F7F422322910111300306A39 /* Sources */,
				F7F422332910111300306A39 /* Frameworks */,
				F7F422342910111300306A39 /* Resources */,
			);
			buildRules = (
			);
			dependencies = (
				F7F422382910111300306A39 /* PBXTargetDependency */,
			);
			name = SpoonacularTests;
			productName = SpoonacularTests;
			productReference = F7F422362910111300306A39 /* SpoonacularTests.xctest */;
			productType = "com.apple.product-type.bundle.unit-test";
		};
		F7F4223F2910111300306A39 /* SpoonacularUITests */ = {
			isa = PBXNativeTarget;
			buildConfigurationList = F7F422502910111300306A39 /* Build configuration list for PBXNativeTarget "SpoonacularUITests" */;
			buildPhases = (
				F7F4223C2910111300306A39 /* Sources */,
				F7F4223D2910111300306A39 /* Frameworks */,
				F7F4223E2910111300306A39 /* Resources */,
			);
			buildRules = (
			);
			dependencies = (
				F7F422422910111300306A39 /* PBXTargetDependency */,
			);
			name = SpoonacularUITests;
			productName = SpoonacularUITests;
			productReference = F7F422402910111300306A39 /* SpoonacularUITests.xctest */;
			productType = "com.apple.product-type.bundle.ui-testing";
		};
/* End PBXNativeTarget section */

/* Begin PBXProject section */
		F7F422192910111100306A39 /* Project object */ = {
			isa = PBXProject;
			attributes = {
				BuildIndependentTargetsInParallel = 1;
				LastSwiftUpdateCheck = 1400;
				LastUpgradeCheck = 1400;
				TargetAttributes = {
					F7F422202910111100306A39 = {
						CreatedOnToolsVersion = 14.0.1;
					};
					F7F422352910111300306A39 = {
						CreatedOnToolsVersion = 14.0.1;
						TestTargetID = F7F422202910111100306A39;
					};
					F7F4223F2910111300306A39 = {
						CreatedOnToolsVersion = 14.0.1;
						TestTargetID = F7F422202910111100306A39;
					};
				};
			};
			buildConfigurationList = F7F4221C2910111100306A39 /* Build configuration list for PBXProject "Spoonacular" */;
			compatibilityVersion = "Xcode 14.0";
			developmentRegion = en;
			hasScannedForEncodings = 0;
			knownRegions = (
				en,
				Base,
			);
			mainGroup = F7F422182910111100306A39;
			productRefGroup = F7F422222910111100306A39 /* Products */;
			projectDirPath = "";
			projectRoot = "";
			targets = (
				F7F422202910111100306A39 /* Spoonacular */,
				F7F422352910111300306A39 /* SpoonacularTests */,
				F7F4223F2910111300306A39 /* SpoonacularUITests */,
			);
		};
/* End PBXProject section */

/* Begin PBXResourcesBuildPhase section */
		F7F4221F2910111100306A39 /* Resources */ = {
			isa = PBXResourcesBuildPhase;
			buildActionMask = 2147483647;
			files = (
				F7F4222C2910111300306A39 /* Preview Assets.xcassets in Resources */,
				F7F422292910111300306A39 /* Assets.xcassets in Resources */,
			);
			runOnlyForDeploymentPostprocessing = 0;
		};
		F7F422342910111300306A39 /* Resources */ = {
			isa = PBXResourcesBuildPhase;
			buildActionMask = 2147483647;
			files = (
			);
			runOnlyForDeploymentPostprocessing = 0;
		};
		F7F4223E2910111300306A39 /* Resources */ = {
			isa = PBXResourcesBuildPhase;
			buildActionMask = 2147483647;
			files = (
			);
			runOnlyForDeploymentPostprocessing = 0;
		};
/* End PBXResourcesBuildPhase section */

/* Begin PBXSourcesBuildPhase section */
		F7F4221D2910111100306A39 /* Sources */ = {
			isa = PBXSourcesBuildPhase;
			buildActionMask = 2147483647;
			files = (
				F7F4228329105AE200306A39 /* AttributedStringExtension.swift in Sources */,
				F7F4222E2910111300306A39 /* Persistence.swift in Sources */,
				F7F4226A2910146600306A39 /* RecipeListScene.swift in Sources */,
				F7F422682910146600306A39 /* RecipeListPresenter.swift in Sources */,
				F7F422272910111100306A39 /* ContentView.swift in Sources */,
				F7F422252910111100306A39 /* SpoonacularApp.swift in Sources */,
				F7F422312910111300306A39 /* Spoonacular.xcdatamodeld in Sources */,
				F7F4228029104E8900306A39 /* RecipeDetailRouter.swift in Sources */,
				F7F4226B2910146600306A39 /* RecipeListRouter.swift in Sources */,
				F7F4226C2910146600306A39 /* RecipeListInteractor.swift in Sources */,
				F7F4227E29104E8900306A39 /* RecipeDetailPresenter.swift in Sources */,
				F7F4227F29104E8900306A39 /* RecipeDetailScene.swift in Sources */,
				F7F4228129104E8900306A39 /* RecipeDetailInteractor.swift in Sources */,
				F7F422762910350700306A39 /* URLSessionExtension.swift in Sources */,
				F7F422692910146600306A39 /* RecipeListModel.swift in Sources */,
				F7F4226F2910148500306A39 /* Ref.swift in Sources */,
				F7F42272291019F000306A39 /* Recipe.swift in Sources */,
				F7F4227D29104E8900306A39 /* RecipeDetailModel.swift in Sources */,
			);
			runOnlyForDeploymentPostprocessing = 0;
		};
		F7F422322910111300306A39 /* Sources */ = {
			isa = PBXSourcesBuildPhase;
			buildActionMask = 2147483647;
			files = (
				F7F4223B2910111300306A39 /* SpoonacularTests.swift in Sources */,
			);
			runOnlyForDeploymentPostprocessing = 0;
		};
		F7F4223C2910111300306A39 /* Sources */ = {
			isa = PBXSourcesBuildPhase;
			buildActionMask = 2147483647;
			files = (
				F7F422472910111300306A39 /* SpoonacularUITestsLaunchTests.swift in Sources */,
				F7F422452910111300306A39 /* SpoonacularUITests.swift in Sources */,
			);
			runOnlyForDeploymentPostprocessing = 0;
		};
/* End PBXSourcesBuildPhase section */

/* Begin PBXTargetDependency section */
		F7F422382910111300306A39 /* PBXTargetDependency */ = {
			isa = PBXTargetDependency;
			target = F7F422202910111100306A39 /* Spoonacular */;
			targetProxy = F7F422372910111300306A39 /* PBXContainerItemProxy */;
		};
		F7F422422910111300306A39 /* PBXTargetDependency */ = {
			isa = PBXTargetDependency;
			target = F7F422202910111100306A39 /* Spoonacular */;
			targetProxy = F7F422412910111300306A39 /* PBXContainerItemProxy */;
		};
/* End PBXTargetDependency section */

/* Begin XCBuildConfiguration section */
		F7F422482910111300306A39 /* Debug */ = {
			isa = XCBuildConfiguration;
			buildSettings = {
				ALWAYS_SEARCH_USER_PATHS = NO;
				CLANG_ANALYZER_NONNULL = YES;
				CLANG_ANALYZER_NUMBER_OBJECT_CONVERSION = YES_AGGRESSIVE;
				CLANG_CXX_LANGUAGE_STANDARD = "gnu++20";
				CLANG_ENABLE_MODULES = YES;
				CLANG_ENABLE_OBJC_ARC = YES;
				CLANG_ENABLE_OBJC_WEAK = YES;
				CLANG_WARN_BLOCK_CAPTURE_AUTORELEASING = YES;
				CLANG_WARN_BOOL_CONVERSION = YES;
				CLANG_WARN_COMMA = YES;
				CLANG_WARN_CONSTANT_CONVERSION = YES;
				CLANG_WARN_DEPRECATED_OBJC_IMPLEMENTATIONS = YES;
				CLANG_WARN_DIRECT_OBJC_ISA_USAGE = YES_ERROR;
				CLANG_WARN_DOCUMENTATION_COMMENTS = YES;
				CLANG_WARN_EMPTY_BODY = YES;
				CLANG_WARN_ENUM_CONVERSION = YES;
				CLANG_WARN_INFINITE_RECURSION = YES;
				CLANG_WARN_INT_CONVERSION = YES;
				CLANG_WARN_NON_LITERAL_NULL_CONVERSION = YES;
				CLANG_WARN_OBJC_IMPLICIT_RETAIN_SELF = YES;
				CLANG_WARN_OBJC_LITERAL_CONVERSION = YES;
				CLANG_WARN_OBJC_ROOT_CLASS = YES_ERROR;
				CLANG_WARN_QUOTED_INCLUDE_IN_FRAMEWORK_HEADER = YES;
				CLANG_WARN_RANGE_LOOP_ANALYSIS = YES;
				CLANG_WARN_STRICT_PROTOTYPES = YES;
				CLANG_WARN_SUSPICIOUS_MOVE = YES;
				CLANG_WARN_UNGUARDED_AVAILABILITY = YES_AGGRESSIVE;
				CLANG_WARN_UNREACHABLE_CODE = YES;
				CLANG_WARN__DUPLICATE_METHOD_MATCH = YES;
				COPY_PHASE_STRIP = NO;
				DEBUG_INFORMATION_FORMAT = dwarf;
				ENABLE_STRICT_OBJC_MSGSEND = YES;
				ENABLE_TESTABILITY = YES;
				GCC_C_LANGUAGE_STANDARD = gnu11;
				GCC_DYNAMIC_NO_PIC = NO;
				GCC_NO_COMMON_BLOCKS = YES;
				GCC_OPTIMIZATION_LEVEL = 0;
				GCC_PREPROCESSOR_DEFINITIONS = (
					"DEBUG=1",
					"$(inherited)",
				);
				GCC_WARN_64_TO_32_BIT_CONVERSION = YES;
				GCC_WARN_ABOUT_RETURN_TYPE = YES_ERROR;
				GCC_WARN_UNDECLARED_SELECTOR = YES;
				GCC_WARN_UNINITIALIZED_AUTOS = YES_AGGRESSIVE;
				GCC_WARN_UNUSED_FUNCTION = YES;
				GCC_WARN_UNUSED_VARIABLE = YES;
				IPHONEOS_DEPLOYMENT_TARGET = 16.0;
				MTL_ENABLE_DEBUG_INFO = INCLUDE_SOURCE;
				MTL_FAST_MATH = YES;
				ONLY_ACTIVE_ARCH = YES;
				SDKROOT = iphoneos;
				SWIFT_ACTIVE_COMPILATION_CONDITIONS = DEBUG;
				SWIFT_OPTIMIZATION_LEVEL = "-Onone";
			};
			name = Debug;
		};
		F7F422492910111300306A39 /* Release */ = {
			isa = XCBuildConfiguration;
			buildSettings = {
				ALWAYS_SEARCH_USER_PATHS = NO;
				CLANG_ANALYZER_NONNULL = YES;
				CLANG_ANALYZER_NUMBER_OBJECT_CONVERSION = YES_AGGRESSIVE;
				CLANG_CXX_LANGUAGE_STANDARD = "gnu++20";
				CLANG_ENABLE_MODULES = YES;
				CLANG_ENABLE_OBJC_ARC = YES;
				CLANG_ENABLE_OBJC_WEAK = YES;
				CLANG_WARN_BLOCK_CAPTURE_AUTORELEASING = YES;
				CLANG_WARN_BOOL_CONVERSION = YES;
				CLANG_WARN_COMMA = YES;
				CLANG_WARN_CONSTANT_CONVERSION = YES;
				CLANG_WARN_DEPRECATED_OBJC_IMPLEMENTATIONS = YES;
				CLANG_WARN_DIRECT_OBJC_ISA_USAGE = YES_ERROR;
				CLANG_WARN_DOCUMENTATION_COMMENTS = YES;
				CLANG_WARN_EMPTY_BODY = YES;
				CLANG_WARN_ENUM_CONVERSION = YES;
				CLANG_WARN_INFINITE_RECURSION = YES;
				CLANG_WARN_INT_CONVERSION = YES;
				CLANG_WARN_NON_LITERAL_NULL_CONVERSION = YES;
				CLANG_WARN_OBJC_IMPLICIT_RETAIN_SELF = YES;
				CLANG_WARN_OBJC_LITERAL_CONVERSION = YES;
				CLANG_WARN_OBJC_ROOT_CLASS = YES_ERROR;
				CLANG_WARN_QUOTED_INCLUDE_IN_FRAMEWORK_HEADER = YES;
				CLANG_WARN_RANGE_LOOP_ANALYSIS = YES;
				CLANG_WARN_STRICT_PROTOTYPES = YES;
				CLANG_WARN_SUSPICIOUS_MOVE = YES;
				CLANG_WARN_UNGUARDED_AVAILABILITY = YES_AGGRESSIVE;
				CLANG_WARN_UNREACHABLE_CODE = YES;
				CLANG_WARN__DUPLICATE_METHOD_MATCH = YES;
				COPY_PHASE_STRIP = NO;
				DEBUG_INFORMATION_FORMAT = "dwarf-with-dsym";
				ENABLE_NS_ASSERTIONS = NO;
				ENABLE_STRICT_OBJC_MSGSEND = YES;
				GCC_C_LANGUAGE_STANDARD = gnu11;
				GCC_NO_COMMON_BLOCKS = YES;
				GCC_WARN_64_TO_32_BIT_CONVERSION = YES;
				GCC_WARN_ABOUT_RETURN_TYPE = YES_ERROR;
				GCC_WARN_UNDECLARED_SELECTOR = YES;
				GCC_WARN_UNINITIALIZED_AUTOS = YES_AGGRESSIVE;
				GCC_WARN_UNUSED_FUNCTION = YES;
				GCC_WARN_UNUSED_VARIABLE = YES;
				IPHONEOS_DEPLOYMENT_TARGET = 16.0;
				MTL_ENABLE_DEBUG_INFO = NO;
				MTL_FAST_MATH = YES;
				SDKROOT = iphoneos;
				SWIFT_COMPILATION_MODE = wholemodule;
				SWIFT_OPTIMIZATION_LEVEL = "-O";
				VALIDATE_PRODUCT = YES;
			};
			name = Release;
		};
		F7F4224B2910111300306A39 /* Debug */ = {
			isa = XCBuildConfiguration;
			buildSettings = {
				ASSETCATALOG_COMPILER_APPICON_NAME = AppIcon;
				ASSETCATALOG_COMPILER_GLOBAL_ACCENT_COLOR_NAME = AccentColor;
				CODE_SIGN_STYLE = Automatic;
				CURRENT_PROJECT_VERSION = 1;
				DEVELOPMENT_ASSET_PATHS = "\"Spoonacular/Preview Content\"";
				ENABLE_PREVIEWS = YES;
				GENERATE_INFOPLIST_FILE = YES;
				INFOPLIST_KEY_UIApplicationSceneManifest_Generation = YES;
				INFOPLIST_KEY_UIApplicationSupportsIndirectInputEvents = YES;
				INFOPLIST_KEY_UILaunchScreen_Generation = YES;
				INFOPLIST_KEY_UISupportedInterfaceOrientations_iPad = "UIInterfaceOrientationPortrait UIInterfaceOrientationPortraitUpsideDown UIInterfaceOrientationLandscapeLeft UIInterfaceOrientationLandscapeRight";
				INFOPLIST_KEY_UISupportedInterfaceOrientations_iPhone = "UIInterfaceOrientationPortrait UIInterfaceOrientationLandscapeLeft UIInterfaceOrientationLandscapeRight";
				LD_RUNPATH_SEARCH_PATHS = (
					"$(inherited)",
					"@executable_path/Frameworks",
				);
				MARKETING_VERSION = 1.0;
				PRODUCT_BUNDLE_IDENTIFIER = com.Spoonacular;
				PRODUCT_NAME = "$(TARGET_NAME)";
				SWIFT_EMIT_LOC_STRINGS = YES;
				SWIFT_VERSION = 5.0;
				TARGETED_DEVICE_FAMILY = "1,2";
			};
			name = Debug;
		};
		F7F4224C2910111300306A39 /* Release */ = {
			isa = XCBuildConfiguration;
			buildSettings = {
				ASSETCATALOG_COMPILER_APPICON_NAME = AppIcon;
				ASSETCATALOG_COMPILER_GLOBAL_ACCENT_COLOR_NAME = AccentColor;
				CODE_SIGN_STYLE = Automatic;
				CURRENT_PROJECT_VERSION = 1;
				DEVELOPMENT_ASSET_PATHS = "\"Spoonacular/Preview Content\"";
				ENABLE_PREVIEWS = YES;
				GENERATE_INFOPLIST_FILE = YES;
				INFOPLIST_KEY_UIApplicationSceneManifest_Generation = YES;
				INFOPLIST_KEY_UIApplicationSupportsIndirectInputEvents = YES;
				INFOPLIST_KEY_UILaunchScreen_Generation = YES;
				INFOPLIST_KEY_UISupportedInterfaceOrientations_iPad = "UIInterfaceOrientationPortrait UIInterfaceOrientationPortraitUpsideDown UIInterfaceOrientationLandscapeLeft UIInterfaceOrientationLandscapeRight";
				INFOPLIST_KEY_UISupportedInterfaceOrientations_iPhone = "UIInterfaceOrientationPortrait UIInterfaceOrientationLandscapeLeft UIInterfaceOrientationLandscapeRight";
				LD_RUNPATH_SEARCH_PATHS = (
					"$(inherited)",
					"@executable_path/Frameworks",
				);
				MARKETING_VERSION = 1.0;
				PRODUCT_BUNDLE_IDENTIFIER = com.Spoonacular;
				PRODUCT_NAME = "$(TARGET_NAME)";
				SWIFT_EMIT_LOC_STRINGS = YES;
				SWIFT_VERSION = 5.0;
				TARGETED_DEVICE_FAMILY = "1,2";
			};
			name = Release;
		};
		F7F4224E2910111300306A39 /* Debug */ = {
			isa = XCBuildConfiguration;
			buildSettings = {
				ALWAYS_EMBED_SWIFT_STANDARD_LIBRARIES = YES;
				BUNDLE_LOADER = "$(TEST_HOST)";
				CODE_SIGN_STYLE = Automatic;
				CURRENT_PROJECT_VERSION = 1;
				GENERATE_INFOPLIST_FILE = YES;
				IPHONEOS_DEPLOYMENT_TARGET = 16.0;
				MARKETING_VERSION = 1.0;
				PRODUCT_BUNDLE_IDENTIFIER = com.SpoonacularTests;
				PRODUCT_NAME = "$(TARGET_NAME)";
				SWIFT_EMIT_LOC_STRINGS = NO;
				SWIFT_VERSION = 5.0;
				TARGETED_DEVICE_FAMILY = "1,2";
				TEST_HOST = "$(BUILT_PRODUCTS_DIR)/Spoonacular.app/$(BUNDLE_EXECUTABLE_FOLDER_PATH)/Spoonacular";
			};
			name = Debug;
		};
		F7F4224F2910111300306A39 /* Release */ = {
			isa = XCBuildConfiguration;
			buildSettings = {
				ALWAYS_EMBED_SWIFT_STANDARD_LIBRARIES = YES;
				BUNDLE_LOADER = "$(TEST_HOST)";
				CODE_SIGN_STYLE = Automatic;
				CURRENT_PROJECT_VERSION = 1;
				GENERATE_INFOPLIST_FILE = YES;
				IPHONEOS_DEPLOYMENT_TARGET = 16.0;
				MARKETING_VERSION = 1.0;
				PRODUCT_BUNDLE_IDENTIFIER = com.SpoonacularTests;
				PRODUCT_NAME = "$(TARGET_NAME)";
				SWIFT_EMIT_LOC_STRINGS = NO;
				SWIFT_VERSION = 5.0;
				TARGETED_DEVICE_FAMILY = "1,2";
				TEST_HOST = "$(BUILT_PRODUCTS_DIR)/Spoonacular.app/$(BUNDLE_EXECUTABLE_FOLDER_PATH)/Spoonacular";
			};
			name = Release;
		};
		F7F422512910111300306A39 /* Debug */ = {
			isa = XCBuildConfiguration;
			buildSettings = {
				ALWAYS_EMBED_SWIFT_STANDARD_LIBRARIES = YES;
				CODE_SIGN_STYLE = Automatic;
				CURRENT_PROJECT_VERSION = 1;
				GENERATE_INFOPLIST_FILE = YES;
				MARKETING_VERSION = 1.0;
				PRODUCT_BUNDLE_IDENTIFIER = com.SpoonacularUITests;
				PRODUCT_NAME = "$(TARGET_NAME)";
				SWIFT_EMIT_LOC_STRINGS = NO;
				SWIFT_VERSION = 5.0;
				TARGETED_DEVICE_FAMILY = "1,2";
				TEST_TARGET_NAME = Spoonacular;
			};
			name = Debug;
		};
		F7F422522910111300306A39 /* Release */ = {
			isa = XCBuildConfiguration;
			buildSettings = {
				ALWAYS_EMBED_SWIFT_STANDARD_LIBRARIES = YES;
				CODE_SIGN_STYLE = Automatic;
				CURRENT_PROJECT_VERSION = 1;
				GENERATE_INFOPLIST_FILE = YES;
				MARKETING_VERSION = 1.0;
				PRODUCT_BUNDLE_IDENTIFIER = com.SpoonacularUITests;
				PRODUCT_NAME = "$(TARGET_NAME)";
				SWIFT_EMIT_LOC_STRINGS = NO;
				SWIFT_VERSION = 5.0;
				TARGETED_DEVICE_FAMILY = "1,2";
				TEST_TARGET_NAME = Spoonacular;
			};
			name = Release;
		};
/* End XCBuildConfiguration section */

/* Begin XCConfigurationList section */
		F7F4221C2910111100306A39 /* Build configuration list for PBXProject "Spoonacular" */ = {
			isa = XCConfigurationList;
			buildConfigurations = (
				F7F422482910111300306A39 /* Debug */,
				F7F422492910111300306A39 /* Release */,
			);
			defaultConfigurationIsVisible = 0;
			defaultConfigurationName = Release;
		};
		F7F4224A2910111300306A39 /* Build configuration list for PBXNativeTarget "Spoonacular" */ = {
			isa = XCConfigurationList;
			buildConfigurations = (
				F7F4224B2910111300306A39 /* Debug */,
				F7F4224C2910111300306A39 /* Release */,
			);
			defaultConfigurationIsVisible = 0;
			defaultConfigurationName = Release;
		};
		F7F4224D2910111300306A39 /* Build configuration list for PBXNativeTarget "SpoonacularTests" */ = {
			isa = XCConfigurationList;
			buildConfigurations = (
				F7F4224E2910111300306A39 /* Debug */,
				F7F4224F2910111300306A39 /* Release */,
			);
			defaultConfigurationIsVisible = 0;
			defaultConfigurationName = Release;
		};
		F7F422502910111300306A39 /* Build configuration list for PBXNativeTarget "SpoonacularUITests" */ = {
			isa = XCConfigurationList;
			buildConfigurations = (
				F7F422512910111300306A39 /* Debug */,
				F7F422522910111300306A39 /* Release */,
			);
			defaultConfigurationIsVisible = 0;
			defaultConfigurationName = Release;
		};
/* End XCConfigurationList section */

/* Begin XCVersionGroup section */
		F7F4222F2910111300306A39 /* Spoonacular.xcdatamodeld */ = {
			isa = XCVersionGroup;
			children = (
				F7F422302910111300306A39 /* Spoonacular.xcdatamodel */,
			);
			currentVersion = F7F422302910111300306A39 /* Spoonacular.xcdatamodel */;
			path = Spoonacular.xcdatamodeld;
			sourceTree = "<group>";
			versionGroupType = wrapper.xcdatamodel;
		};
/* End XCVersionGroup section */
	};
	rootObject = F7F422192910111100306A39 /* Project object */;
}
